# THIS IS AN AUTOGENERATED FILE. DO NOT EDIT THIS FILE DIRECTLY.
# yarn lockfile v1


"@babel/runtime@^7.9.2":
  version "7.9.6"
  resolved "https://registry.yarnpkg.com/@babel/runtime/-/runtime-7.9.6.tgz#a9102eb5cadedf3f31d08a9ecf294af7827ea29f"
  integrity sha512-64AF1xY3OAkFHqOb9s4jpgk1Mm5vDZ4L3acHvAml+53nO1XbXLuDodsVpO4OIUsmemlUHMxNdYMNJmsvOwLrvQ==
  dependencies:
    regenerator-runtime "^0.13.4"

constructs@^3.0.3:
  version "3.0.3"
  resolved "https://registry.yarnpkg.com/constructs/-/constructs-3.0.3.tgz#76687d6e3783b0b6864d72aaae5b0bacd824d52e"
  integrity sha512-JrYLpTlz92Un1jxkwoGiOiGoDjzIWtxo64sLC5FD4mQN1H9mAqZNvgxWYWaJIiWUXNkl5L5sO3GFf6peTj7UMQ==

projen@^0.1.5:
  version "0.1.5"
  resolved "https://registry.yarnpkg.com/projen/-/projen-0.1.5.tgz#d965c0b40ce8b62c8a119838124dac44f051457e"
  integrity sha512-LC1lUjFidIcOWOqHkOgLkdkb5HugoMejqrse15hJt62AQS476WSBZPLdafcsvP/fSHonlx8q26ZmvhYjZlqCOA==
  dependencies:
    yaml "^1.9.2"

regenerator-runtime@^0.13.4:
  version "0.13.5"
  resolved "https://registry.yarnpkg.com/regenerator-runtime/-/regenerator-runtime-0.13.5.tgz#d878a1d094b4306d10b9096484b33ebd55e26697"
  integrity sha512-ZS5w8CpKFinUzOwW3c83oPeVXoNsrLsaCoLtJvAClH135j/R77RuymhiSErhm2lKcwSCIpmvIWSbDkIfAqKQlA==

yaml@^1.9.2:
  version "1.9.2"
  resolved "https://registry.yarnpkg.com/yaml/-/yaml-1.9.2.tgz#f0cfa865f003ab707663e4f04b3956957ea564ed"
  integrity sha512-HPT7cGGI0DuRcsO51qC1j9O16Dh1mZ2bnXwsi0jrSpsLz0WxOLSLXfkABVl6bZO629py3CU+OMJtpNHDLB97kg==
  dependencies:
    "@babel/runtime" "^7.9.2"
